// !$*UTF8*$!
{
	archiveVersion = 1;
	classes = {
	};
	objectVersion = 55;
	objects = {

/* Begin PBXBuildFile section */
		61127003276D1AFC004EDAFE /* TableViewController.swift in Sources */ = {isa = PBXBuildFile; fileRef = 61127002276D1AFC004EDAFE /* TableViewController.swift */; };
		61127007276D2596004EDAFE /* TableUICell.swift in Sources */ = {isa = PBXBuildFile; fileRef = 61127006276D2596004EDAFE /* TableUICell.swift */; };
		6113A3A1276D566A0037FC65 /* FirebaseAuth in Frameworks */ = {isa = PBXBuildFile; productRef = 6113A3A0276D566A0037FC65 /* FirebaseAuth */; };
		6113A3A3276D566A0037FC65 /* FirebaseDatabase in Frameworks */ = {isa = PBXBuildFile; productRef = 6113A3A2276D566A0037FC65 /* FirebaseDatabase */; };
		6113A3AC276D593F0037FC65 /* GoogleService-Info.plist in Resources */ = {isa = PBXBuildFile; fileRef = 6113A3AB276D593F0037FC65 /* GoogleService-Info.plist */; };
		614A24A1276C198C0094B610 /* AppDelegate.swift in Sources */ = {isa = PBXBuildFile; fileRef = 614A24A0276C198C0094B610 /* AppDelegate.swift */; };
		614A24A3276C198C0094B610 /* SceneDelegate.swift in Sources */ = {isa = PBXBuildFile; fileRef = 614A24A2276C198C0094B610 /* SceneDelegate.swift */; };
		614A24A5276C198C0094B610 /* ViewController.swift in Sources */ = {isa = PBXBuildFile; fileRef = 614A24A4276C198C0094B610 /* ViewController.swift */; };
		614A24A8276C198C0094B610 /* Main.storyboard in Resources */ = {isa = PBXBuildFile; fileRef = 614A24A6276C198C0094B610 /* Main.storyboard */; };
		614A24AA276C198D0094B610 /* Assets.xcassets in Resources */ = {isa = PBXBuildFile; fileRef = 614A24A9276C198D0094B610 /* Assets.xcassets */; };
		614A24AD276C198D0094B610 /* LaunchScreen.storyboard in Resources */ = {isa = PBXBuildFile; fileRef = 614A24AB276C198D0094B610 /* LaunchScreen.storyboard */; };
		614A24B5276C506D0094B610 /* DataList.swift in Sources */ = {isa = PBXBuildFile; fileRef = 614A24B4276C506D0094B610 /* DataList.swift */; };
/* End PBXBuildFile section */

/* Begin PBXFileReference section */
		61127002276D1AFC004EDAFE /* TableViewController.swift */ = {isa = PBXFileReference; lastKnownFileType = sourcecode.swift; path = TableViewController.swift; sourceTree = "<group>"; };
		61127006276D2596004EDAFE /* TableUICell.swift */ = {isa = PBXFileReference; lastKnownFileType = sourcecode.swift; path = TableUICell.swift; sourceTree = "<group>"; };
		6113A3AB276D593F0037FC65 /* GoogleService-Info.plist */ = {isa = PBXFileReference; fileEncoding = 4; lastKnownFileType = text.plist.xml; name = "GoogleService-Info.plist"; path = "../../../../Downloads/GoogleService-Info.plist"; sourceTree = "<group>"; };
		614A249D276C198C0094B610 /* BMI-Calculator.app */ = {isa = PBXFileReference; explicitFileType = wrapper.application; includeInIndex = 0; path = "BMI-Calculator.app"; sourceTree = BUILT_PRODUCTS_DIR; };
		614A24A0276C198C0094B610 /* AppDelegate.swift */ = {isa = PBXFileReference; lastKnownFileType = sourcecode.swift; path = AppDelegate.swift; sourceTree = "<group>"; };
		614A24A2276C198C0094B610 /* SceneDelegate.swift */ = {isa = PBXFileReference; lastKnownFileType = sourcecode.swift; path = SceneDelegate.swift; sourceTree = "<group>"; };
		614A24A4276C198C0094B610 /* ViewController.swift */ = {isa = PBXFileReference; lastKnownFileType = sourcecode.swift; path = ViewController.swift; sourceTree = "<group>"; };
		614A24A7276C198C0094B610 /* Base */ = {isa = PBXFileReference; lastKnownFileType = file.storyboard; name = Base; path = Base.lproj/Main.storyboard; sourceTree = "<group>"; };
		614A24A9276C198D0094B610 /* Assets.xcassets */ = {isa = PBXFileReference; lastKnownFileType = folder.assetcatalog; path = Assets.xcassets; sourceTree = "<group>"; };
		614A24AC276C198D0094B610 /* Base */ = {isa = PBXFileReference; lastKnownFileType = file.storyboard; name = Base; path = Base.lproj/LaunchScreen.storyboard; sourceTree = "<group>"; };
		614A24AE276C198D0094B610 /* Info.plist */ = {isa = PBXFileReference; lastKnownFileType = text.plist.xml; path = Info.plist; sourceTree = "<group>"; };
		614A24B4276C506D0094B610 /* DataList.swift */ = {isa = PBXFileReference; lastKnownFileType = sourcecode.swift; path = DataList.swift; sourceTree = "<group>"; };
/* End PBXFileReference section */

/* Begin PBXFrameworksBuildPhase section */
		614A249A276C198C0094B610 /* Frameworks */ = {
			isa = PBXFrameworksBuildPhase;
			buildActionMask = 2147483647;
			files = (
				6113A3A3276D566A0037FC65 /* FirebaseDatabase in Frameworks */,
				6113A3A1276D566A0037FC65 /* FirebaseAuth in Frameworks */,
			);
			runOnlyForDeploymentPostprocessing = 0;
		};
/* End PBXFrameworksBuildPhase section */

/* Begin PBXGroup section */
		614A2494276C198C0094B610 = {
			isa = PBXGroup;
			children = (
				614A249F276C198C0094B610 /* BMI-Calculator */,
				614A249E276C198C0094B610 /* Products */,
			);
			sourceTree = "<group>";
		};
		614A249E276C198C0094B610 /* Products */ = {
			isa = PBXGroup;
			children = (
				614A249D276C198C0094B610 /* BMI-Calculator.app */,
			);
			name = Products;
			sourceTree = "<group>";
		};
		614A249F276C198C0094B610 /* BMI-Calculator */ = {
			isa = PBXGroup;
			children = (
				614A24A0276C198C0094B610 /* AppDelegate.swift */,
				614A24A2276C198C0094B610 /* SceneDelegate.swift */,
				614A24A4276C198C0094B610 /* ViewController.swift */,
				614A24A6276C198C0094B610 /* Main.storyboard */,
				614A24A9276C198D0094B610 /* Assets.xcassets */,
				614A24AB276C198D0094B610 /* LaunchScreen.storyboard */,
				614A24AE276C198D0094B610 /* Info.plist */,
				6113A3AB276D593F0037FC65 /* GoogleService-Info.plist */,
				614A24B4276C506D0094B610 /* DataList.swift */,
				61127002276D1AFC004EDAFE /* TableViewController.swift */,
				61127006276D2596004EDAFE /* TableUICell.swift */,
			);
			path = "BMI-Calculator";
			sourceTree = "<group>";
		};
/* End PBXGroup section */

/* Begin PBXNativeTarget section */
		614A249C276C198C0094B610 /* BMI-Calculator */ = {
			isa = PBXNativeTarget;
			buildConfigurationList = 614A24B1276C198D0094B610 /* Build configuration list for PBXNativeTarget "BMI-Calculator" */;
			buildPhases = (
				614A2499276C198C0094B610 /* Sources */,
				614A249A276C198C0094B610 /* Frameworks */,
				614A249B276C198C0094B610 /* Resources */,
			);
			buildRules = (
			);
			dependencies = (
			);
			name = "BMI-Calculator";
			packageProductDependencies = (
				6113A3A0276D566A0037FC65 /* FirebaseAuth */,
				6113A3A2276D566A0037FC65 /* FirebaseDatabase */,
			);
			productName = "BMI-Calculator";
			productReference = 614A249D276C198C0094B610 /* BMI-Calculator.app */;
			productType = "com.apple.product-type.application";
		};
/* End PBXNativeTarget section */

/* Begin PBXProject section */
		614A2495276C198C0094B610 /* Project object */ = {
			isa = PBXProject;
			attributes = {
				BuildIndependentTargetsInParallel = 1;
				LastSwiftUpdateCheck = 1310;
				LastUpgradeCheck = 1310;
				TargetAttributes = {
					614A249C276C198C0094B610 = {
						CreatedOnToolsVersion = 13.1;
					};
				};
			};
			buildConfigurationList = 614A2498276C198C0094B610 /* Build configuration list for PBXProject "BMI-Calculator" */;
			compatibilityVersion = "Xcode 13.0";
			developmentRegion = en;
			hasScannedForEncodings = 0;
			knownRegions = (
				en,
				Base,
			);
			mainGroup = 614A2494276C198C0094B610;
			packageReferences = (
				6113A39F276D566A0037FC65 /* XCRemoteSwiftPackageReference "firebase-ios-sdk" */,
			);
			productRefGroup = 614A249E276C198C0094B610 /* Products */;
			projectDirPath = "";
			projectRoot = "";
			targets = (
				614A249C276C198C0094B610 /* BMI-Calculator */,
			);
		};
/* End PBXProject section */

/* Begin PBXResourcesBuildPhase section */
		614A249B276C198C0094B610 /* Resources */ = {
			isa = PBXResourcesBuildPhase;
			buildActionMask = 2147483647;
			files = (
				614A24AD276C198D0094B610 /* LaunchScreen.storyboard in Resources */,
				6113A3AC276D593F0037FC65 /* GoogleService-Info.plist in Resources */,
				614A24AA276C198D0094B610 /* Assets.xcassets in Resources */,
				614A24A8276C198C0094B610 /* Main.storyboard in Resources */,
			);
			runOnlyForDeploymentPostprocessing = 0;
		};
/* End PBXResourcesBuildPhase section */

/* Begin PBXSourcesBuildPhase section */
		614A2499276C198C0094B610 /* Sources */ = {
			isa = PBXSourcesBuildPhase;
			buildActionMask = 2147483647;
			files = (
				614A24A5276C198C0094B610 /* ViewController.swift in Sources */,
				61127003276D1AFC004EDAFE /* TableViewController.swift in Sources */,
				61127007276D2596004EDAFE /* TableUICell.swift in Sources */,
				614A24A1276C198C0094B610 /* AppDelegate.swift in Sources */,
				614A24A3276C198C0094B610 /* SceneDelegate.swift in Sources */,
				614A24B5276C506D0094B610 /* DataList.swift in Sources */,
			);
			runOnlyForDeploymentPostprocessing = 0;
		};
/* End PBXSourcesBuildPhase section */

/* Begin PBXVariantGroup section */
		614A24A6276C198C0094B610 /* Main.storyboard */ = {
			isa = PBXVariantGroup;
			children = (
				614A24A7276C198C0094B610 /* Base */,
			);
			name = Main.storyboard;
			sourceTree = "<group>";
		};
		614A24AB276C198D0094B610 /* LaunchScreen.storyboard */ = {
			isa = PBXVariantGroup;
			children = (
				614A24AC276C198D0094B610 /* Base */,
			);
			name = LaunchScreen.storyboard;
			sourceTree = "<group>";
		};
/* End PBXVariantGroup section */

/* Begin XCBuildConfiguration section */
		614A24AF276C198D0094B610 /* Debug */ = {
			isa = XCBuildConfiguration;
			buildSettings = {
				ALWAYS_SEARCH_USER_PATHS = NO;
				CLANG_ANALYZER_NONNULL = YES;
				CLANG_ANALYZER_NUMBER_OBJECT_CONVERSION = YES_AGGRESSIVE;
				CLANG_CXX_LANGUAGE_STANDARD = "gnu++17";
				CLANG_CXX_LIBRARY = "libc++";
				CLANG_ENABLE_MODULES = YES;
				CLANG_ENABLE_OBJC_ARC = YES;
				CLANG_ENABLE_OBJC_WEAK = YES;
				CLANG_WARN_BLOCK_CAPTURE_AUTORELEASING = YES;
				CLANG_WARN_BOOL_CONVERSION = YES;
				CLANG_WARN_COMMA = YES;
				CLANG_WARN_CONSTANT_CONVERSION = YES;
				CLANG_WARN_DEPRECATED_OBJC_IMPLEMENTATIONS = YES;
				CLANG_WARN_DIRECT_OBJC_ISA_USAGE = YES_ERROR;
				CLANG_WARN_DOCUMENTATION_COMMENTS = YES;
				CLANG_WARN_EMPTY_BODY = YES;
				CLANG_WARN_ENUM_CONVERSION = YES;
				CLANG_WARN_INFINITE_RECURSION = YES;
				CLANG_WARN_INT_CONVERSION = YES;
				CLANG_WARN_NON_LITERAL_NULL_CONVERSION = YES;
				CLANG_WARN_OBJC_IMPLICIT_RETAIN_SELF = YES;
				CLANG_WARN_OBJC_LITERAL_CONVERSION = YES;
				CLANG_WARN_OBJC_ROOT_CLASS = YES_ERROR;
				CLANG_WARN_QUOTED_INCLUDE_IN_FRAMEWORK_HEADER = YES;
				CLANG_WARN_RANGE_LOOP_ANALYSIS = YES;
				CLANG_WARN_STRICT_PROTOTYPES = YES;
				CLANG_WARN_SUSPICIOUS_MOVE = YES;
				CLANG_WARN_UNGUARDED_AVAILABILITY = YES_AGGRESSIVE;
				CLANG_WARN_UNREACHABLE_CODE = YES;
				CLANG_WARN__DUPLICATE_METHOD_MATCH = YES;
				COPY_PHASE_STRIP = NO;
				DEBUG_INFORMATION_FORMAT = dwarf;
				ENABLE_STRICT_OBJC_MSGSEND = YES;
				ENABLE_TESTABILITY = YES;
				GCC_C_LANGUAGE_STANDARD = gnu11;
				GCC_DYNAMIC_NO_PIC = NO;
				GCC_NO_COMMON_BLOCKS = YES;
				GCC_OPTIMIZATION_LEVEL = 0;
				GCC_PREPROCESSOR_DEFINITIONS = (
					"DEBUG=1",
					"$(inherited)",
				);
				GCC_WARN_64_TO_32_BIT_CONVERSION = YES;
				GCC_WARN_ABOUT_RETURN_TYPE = YES_ERROR;
				GCC_WARN_UNDECLARED_SELECTOR = YES;
				GCC_WARN_UNINITIALIZED_AUTOS = YES_AGGRESSIVE;
				GCC_WARN_UNUSED_FUNCTION = YES;
				GCC_WARN_UNUSED_VARIABLE = YES;
				IPHONEOS_DEPLOYMENT_TARGET = 15.0;
				MTL_ENABLE_DEBUG_INFO = INCLUDE_SOURCE;
				MTL_FAST_MATH = YES;
				ONLY_ACTIVE_ARCH = YES;
				SDKROOT = iphoneos;
				SWIFT_ACTIVE_COMPILATION_CONDITIONS = DEBUG;
				SWIFT_OPTIMIZATION_LEVEL = "-Onone";
			};
			name = Debug;
		};
		614A24B0276C198D0094B610 /* Release */ = {
			isa = XCBuildConfiguration;
			buildSettings = {
				ALWAYS_SEARCH_USER_PATHS = NO;
				CLANG_ANALYZER_NONNULL = YES;
				CLANG_ANALYZER_NUMBER_OBJECT_CONVERSION = YES_AGGRESSIVE;
				CLANG_CXX_LANGUAGE_STANDARD = "gnu++17";
				CLANG_CXX_LIBRARY = "libc++";
				CLANG_ENABLE_MODULES = YES;
				CLANG_ENABLE_OBJC_ARC = YES;
				CLANG_ENABLE_OBJC_WEAK = YES;
				CLANG_WARN_BLOCK_CAPTURE_AUTORELEASING = YES;
				CLANG_WARN_BOOL_CONVERSION = YES;
				CLANG_WARN_COMMA = YES;
				CLANG_WARN_CONSTANT_CONVERSION = YES;
				CLANG_WARN_DEPRECATED_OBJC_IMPLEMENTATIONS = YES;
				CLANG_WARN_DIRECT_OBJC_ISA_USAGE = YES_ERROR;
				CLANG_WARN_DOCUMENTATION_COMMENTS = YES;
				CLANG_WARN_EMPTY_BODY = YES;
				CLANG_WARN_ENUM_CONVERSION = YES;
				CLANG_WARN_INFINITE_RECURSION = YES;
				CLANG_WARN_INT_CONVERSION = YES;
				CLANG_WARN_NON_LITERAL_NULL_CONVERSION = YES;
				CLANG_WARN_OBJC_IMPLICIT_RETAIN_SELF = YES;
				CLANG_WARN_OBJC_LITERAL_CONVERSION = YES;
				CLANG_WARN_OBJC_ROOT_CLASS = YES_ERROR;
				CLANG_WARN_QUOTED_INCLUDE_IN_FRAMEWORK_HEADER = YES;
				CLANG_WARN_RANGE_LOOP_ANALYSIS = YES;
				CLANG_WARN_STRICT_PROTOTYPES = YES;
				CLANG_WARN_SUSPICIOUS_MOVE = YES;
				CLANG_WARN_UNGUARDED_AVAILABILITY = YES_AGGRESSIVE;
				CLANG_WARN_UNREACHABLE_CODE = YES;
				CLANG_WARN__DUPLICATE_METHOD_MATCH = YES;
				COPY_PHASE_STRIP = NO;
				DEBUG_INFORMATION_FORMAT = "dwarf-with-dsym";
				ENABLE_NS_ASSERTIONS = NO;
				ENABLE_STRICT_OBJC_MSGSEND = YES;
				GCC_C_LANGUAGE_STANDARD = gnu11;
				GCC_NO_COMMON_BLOCKS = YES;
				GCC_WARN_64_TO_32_BIT_CONVERSION = YES;
				GCC_WARN_ABOUT_RETURN_TYPE = YES_ERROR;
				GCC_WARN_UNDECLARED_SELECTOR = YES;
				GCC_WARN_UNINITIALIZED_AUTOS = YES_AGGRESSIVE;
				GCC_WARN_UNUSED_FUNCTION = YES;
				GCC_WARN_UNUSED_VARIABLE = YES;
				IPHONEOS_DEPLOYMENT_TARGET = 15.0;
				MTL_ENABLE_DEBUG_INFO = NO;
				MTL_FAST_MATH = YES;
				SDKROOT = iphoneos;
				SWIFT_COMPILATION_MODE = wholemodule;
				SWIFT_OPTIMIZATION_LEVEL = "-O";
				VALIDATE_PRODUCT = YES;
			};
			name = Release;
		};
		614A24B2276C198D0094B610 /* Debug */ = {
			isa = XCBuildConfiguration;
			buildSettings = {
				ASSETCATALOG_COMPILER_APPICON_NAME = AppIcon;
				ASSETCATALOG_COMPILER_GLOBAL_ACCENT_COLOR_NAME = AccentColor;
				CODE_SIGN_STYLE = Automatic;
				CURRENT_PROJECT_VERSION = 1;
				DEVELOPMENT_TEAM = VWGKA7P8V5;
				GENERATE_INFOPLIST_FILE = YES;
				INFOPLIST_FILE = "BMI-Calculator/Info.plist";
				INFOPLIST_KEY_UIApplicationSupportsIndirectInputEvents = YES;
				INFOPLIST_KEY_UILaunchStoryboardName = LaunchScreen;
				INFOPLIST_KEY_UIMainStoryboardFile = Main;
				INFOPLIST_KEY_UISupportedInterfaceOrientations_iPad = "UIInterfaceOrientationPortrait UIInterfaceOrientationPortraitUpsideDown UIInterfaceOrientationLandscapeLeft UIInterfaceOrientationLandscapeRight";
				INFOPLIST_KEY_UISupportedInterfaceOrientations_iPhone = "UIInterfaceOrientationPortrait UIInterfaceOrientationLandscapeLeft UIInterfaceOrientationLandscapeRight";
				LD_RUNPATH_SEARCH_PATHS = (
					"$(inherited)",
					"@executable_path/Frameworks",
				);
				MARKETING_VERSION = 1.0;
				PRODUCT_BUNDLE_IDENTIFIER = "Todo.BMI-Calculator";
				PRODUCT_NAME = "$(TARGET_NAME)";
				SWIFT_EMIT_LOC_STRINGS = YES;
				SWIFT_VERSION = 5.0;
				TARGETED_DEVICE_FAMILY = "1,2";
			};
			name = Debug;
		};
		614A24B3276C198D0094B610 /* Release */ = {
			isa = XCBuildConfiguration;
			buildSettings = {
				ASSETCATALOG_COMPILER_APPICON_NAME = AppIcon;
				ASSETCATALOG_COMPILER_GLOBAL_ACCENT_COLOR_NAME = AccentColor;
				CODE_SIGN_STYLE = Automatic;
				CURRENT_PROJECT_VERSION = 1;
				DEVELOPMENT_TEAM = VWGKA7P8V5;
				GENERATE_INFOPLIST_FILE = YES;
				INFOPLIST_FILE = "BMI-Calculator/Info.plist";
				INFOPLIST_KEY_UIApplicationSupportsIndirectInputEvents = YES;
				INFOPLIST_KEY_UILaunchStoryboardName = LaunchScreen;
				INFOPLIST_KEY_UIMainStoryboardFile = Main;
				INFOPLIST_KEY_UISupportedInterfaceOrientations_iPad = "UIInterfaceOrientationPortrait UIInterfaceOrientationPortraitUpsideDown UIInterfaceOrientationLandscapeLeft UIInterfaceOrientationLandscapeRight";
				INFOPLIST_KEY_UISupportedInterfaceOrientations_iPhone = "UIInterfaceOrientationPortrait UIInterfaceOrientationLandscapeLeft UIInterfaceOrientationLandscapeRight";
				LD_RUNPATH_SEARCH_PATHS = (
					"$(inherited)",
					"@executable_path/Frameworks",
				);
				MARKETING_VERSION = 1.0;
				PRODUCT_BUNDLE_IDENTIFIER = "Todo.BMI-Calculator";
				PRODUCT_NAME = "$(TARGET_NAME)";
				SWIFT_EMIT_LOC_STRINGS = YES;
				SWIFT_VERSION = 5.0;
				TARGETED_DEVICE_FAMILY = "1,2";
			};
			name = Release;
		};
/* End XCBuildConfiguration section */

/* Begin XCConfigurationList section */
		614A2498276C198C0094B610 /* Build configuration list for PBXProject "BMI-Calculator" */ = {
			isa = XCConfigurationList;
			buildConfigurations = (
				614A24AF276C198D0094B610 /* Debug */,
				614A24B0276C198D0094B610 /* Release */,
			);
			defaultConfigurationIsVisible = 0;
			defaultConfigurationName = Release;
		};
		614A24B1276C198D0094B610 /* Build configuration list for PBXNativeTarget "BMI-Calculator" */ = {
			isa = XCConfigurationList;
			buildConfigurations = (
				614A24B2276C198D0094B610 /* Debug */,
				614A24B3276C198D0094B610 /* Release */,
			);
			defaultConfigurationIsVisible = 0;
			defaultConfigurationName = Release;
		};
/* End XCConfigurationList section */

/* Begin XCRemoteSwiftPackageReference section */
		6113A39F276D566A0037FC65 /* XCRemoteSwiftPackageReference "firebase-ios-sdk" */ = {
			isa = XCRemoteSwiftPackageReference;
			repositoryURL = "https://github.com/firebase/firebase-ios-sdk";
			requirement = {
				branch = master;
				kind = branch;
			};
		};
/* End XCRemoteSwiftPackageReference section */

/* Begin XCSwiftPackageProductDependency section */
		6113A3A0276D566A0037FC65 /* FirebaseAuth */ = {
			isa = XCSwiftPackageProductDependency;
			package = 6113A39F276D566A0037FC65 /* XCRemoteSwiftPackageReference "firebase-ios-sdk" */;
			productName = FirebaseAuth;
		};
		6113A3A2276D566A0037FC65 /* FirebaseDatabase */ = {
			isa = XCSwiftPackageProductDependency;
			package = 6113A39F276D566A0037FC65 /* XCRemoteSwiftPackageReference "firebase-ios-sdk" */;
			productName = FirebaseDatabase;
		};
/* End XCSwiftPackageProductDependency section */
	};
	rootObject = 614A2495276C198C0094B610 /* Project object */;
}
